
Microsoft Visual Studio Solution File, Format Version 12.00
# Visual Studio Version 17
VisualStudioVersion = 17.0.31903.59
MinimumVisualStudioVersion = 10.0.40219.1
Project("{2150E333-8FDC-42A3-9474-1A3956D46DE8}") = "src", "src", "{827E0CD3-B72D-47B6-A68D-7590B98EB39B}"
EndProject
Project("{FAE04EC0-301F-11D3-BF4B-00C04F79EFBC}") = "Thoth.Core", "src\Thoth.Core\Thoth.Core.csproj", "{FAC8BFA0-4A67-4212-B886-FC64B8EF95FF}"
EndProject
Project("{FAE04EC0-301F-11D3-BF4B-00C04F79EFBC}") = "Thoth.Llm", "src\Thoth.Llm\Thoth.Llm.csproj", "{BB8AB1BF-3758-4A40-9C22-F11B1D12DB0F}"
EndProject
Project("{FAE04EC0-301F-11D3-BF4B-00C04F79EFBC}") = "Thoth.Tools", "src\Thoth.Tools\Thoth.Tools.csproj", "{247DAD59-6336-4203-BCA9-BC747A449A6C}"
EndProject
Project("{FAE04EC0-301F-11D3-BF4B-00C04F79EFBC}") = "Thoth.Memory", "src\Thoth.Memory\Thoth.Memory.csproj", "{DDBB5CE9-F333-4990-A23B-B422D16DE94C}"
EndProject
Project("{FAE04EC0-301F-11D3-BF4B-00C04F79EFBC}") = "Thoth.Sandbox", "src\Thoth.Sandbox\Thoth.Sandbox.csproj", "{0F132A85-228E-4D4D-A0DC-689E14489D73}"
EndProject
Project("{FAE04EC0-301F-11D3-BF4B-00C04F79EFBC}") = "Thoth.Cli", "src\Thoth.Cli\Thoth.Cli.csproj", "{02265670-90C0-4707-8E37-3A743377EB20}"
EndProject
Project("{FAE04EC0-301F-11D3-BF4B-00C04F79EFBC}") = "Thoth.Tests", "tests\Thoth.Tests\Thoth.Tests.csproj", "{DB4209F0-66E3-4E8B-A9F5-8A52BE081DF0}"
EndProject
Project("{FAE04EC0-301F-11D3-BF4B-00C04F79EFBC}") = "Thoth.Api", "src\Thoth.Api\Thoth.Api.csproj", "{392AFF36-140A-4B8C-B473-C095BC729049}"
EndProject
Project("{FAE04EC0-301F-11D3-BF4B-00C04F79EFBC}") = "Thoth.Runtime", "src\Thoth.Runtime\Thoth.Runtime.csproj", "{F3EE928D-1C71-4D33-9B16-37AFD37A8A3A}"
EndProject
Project("{FAE04EC0-301F-11D3-BF4B-00C04F79EFBC}") = "Thoth.Tokenization", "src\Thoth.Tokenization\Thoth.Tokenization.csproj", "{A6768431-5BFD-48FB-84DD-0D6865DA6726}"
EndProject
Project("{FAE04EC0-301F-11D3-BF4B-00C04F79EFBC}") = "Thoth.Model", "src\Thoth.Model\Thoth.Model.csproj", "{63E49A6D-3C6F-4A7B-9635-708B3350BB43}"
EndProject
Project("{FAE04EC0-301F-11D3-BF4B-00C04F79EFBC}") = "Thoth.Training", "src\Thoth.Training\Thoth.Training.csproj", "{F588873C-1C9B-4EFB-BF5F-F0C469D4B91E}"
EndProject
Project("{FAE04EC0-301F-11D3-BF4B-00C04F79EFBC}") = "Thoth.Inference", "src\Thoth.Inference\Thoth.Inference.csproj", "{7CE168A6-4691-4E80-81DA-6EF92B487F4E}"
EndProject
Project("{FAE04EC0-301F-11D3-BF4B-00C04F79EFBC}") = "Thoth.Evaluation", "src\Thoth.Evaluation\Thoth.Evaluation.csproj", "{F92C4F81-A9F0-41B4-AEA5-B5AC0510557A}"
EndProject
Project("{FAE04EC0-301F-11D3-BF4B-00C04F79EFBC}") = "Thoth.Cognition", "src\Thoth.Cognition\Thoth.Cognition.csproj", "{6C772644-B256-44AF-B1EE-76340DB2D1F8}"
EndProject
Global
	GlobalSection(SolutionConfigurationPlatforms) = preSolution
		Debug|Any CPU = Debug|Any CPU
		Debug|x64 = Debug|x64
		Debug|x86 = Debug|x86
		Release|Any CPU = Release|Any CPU
		Release|x64 = Release|x64
		Release|x86 = Release|x86
	EndGlobalSection
	GlobalSection(ProjectConfigurationPlatforms) = postSolution
		{FAC8BFA0-4A67-4212-B886-FC64B8EF95FF}.Debug|Any CPU.ActiveCfg = Debug|Any CPU
		{FAC8BFA0-4A67-4212-B886-FC64B8EF95FF}.Debug|Any CPU.Build.0 = Debug|Any CPU
		{FAC8BFA0-4A67-4212-B886-FC64B8EF95FF}.Debug|x64.ActiveCfg = Debug|Any CPU
		{FAC8BFA0-4A67-4212-B886-FC64B8EF95FF}.Debug|x64.Build.0 = Debug|Any CPU
		{FAC8BFA0-4A67-4212-B886-FC64B8EF95FF}.Debug|x86.ActiveCfg = Debug|Any CPU
		{FAC8BFA0-4A67-4212-B886-FC64B8EF95FF}.Debug|x86.Build.0 = Debug|Any CPU
		{FAC8BFA0-4A67-4212-B886-FC64B8EF95FF}.Release|Any CPU.ActiveCfg = Release|Any CPU
		{FAC8BFA0-4A67-4212-B886-FC64B8EF95FF}.Release|Any CPU.Build.0 = Release|Any CPU
		{FAC8BFA0-4A67-4212-B886-FC64B8EF95FF}.Release|x64.ActiveCfg = Release|Any CPU
		{FAC8BFA0-4A67-4212-B886-FC64B8EF95FF}.Release|x64.Build.0 = Release|Any CPU
		{FAC8BFA0-4A67-4212-B886-FC64B8EF95FF}.Release|x86.ActiveCfg = Release|Any CPU
		{FAC8BFA0-4A67-4212-B886-FC64B8EF95FF}.Release|x86.Build.0 = Release|Any CPU
		{BB8AB1BF-3758-4A40-9C22-F11B1D12DB0F}.Debug|Any CPU.ActiveCfg = Debug|Any CPU
		{BB8AB1BF-3758-4A40-9C22-F11B1D12DB0F}.Debug|Any CPU.Build.0 = Debug|Any CPU
		{BB8AB1BF-3758-4A40-9C22-F11B1D12DB0F}.Debug|x64.ActiveCfg = Debug|Any CPU
		{BB8AB1BF-3758-4A40-9C22-F11B1D12DB0F}.Debug|x64.Build.0 = Debug|Any CPU
		{BB8AB1BF-3758-4A40-9C22-F11B1D12DB0F}.Debug|x86.ActiveCfg = Debug|Any CPU
		{BB8AB1BF-3758-4A40-9C22-F11B1D12DB0F}.Debug|x86.Build.0 = Debug|Any CPU
		{BB8AB1BF-3758-4A40-9C22-F11B1D12DB0F}.Release|Any CPU.ActiveCfg = Release|Any CPU
		{BB8AB1BF-3758-4A40-9C22-F11B1D12DB0F}.Release|Any CPU.Build.0 = Release|Any CPU
		{BB8AB1BF-3758-4A40-9C22-F11B1D12DB0F}.Release|x64.ActiveCfg = Release|Any CPU
		{BB8AB1BF-3758-4A40-9C22-F11B1D12DB0F}.Release|x64.Build.0 = Release|Any CPU
		{BB8AB1BF-3758-4A40-9C22-F11B1D12DB0F}.Release|x86.ActiveCfg = Release|Any CPU
		{BB8AB1BF-3758-4A40-9C22-F11B1D12DB0F}.Release|x86.Build.0 = Release|Any CPU
		{247DAD59-6336-4203-BCA9-BC747A449A6C}.Debug|Any CPU.ActiveCfg = Debug|Any CPU
		{247DAD59-6336-4203-BCA9-BC747A449A6C}.Debug|Any CPU.Build.0 = Debug|Any CPU
		{247DAD59-6336-4203-BCA9-BC747A449A6C}.Debug|x64.ActiveCfg = Debug|Any CPU
		{247DAD59-6336-4203-BCA9-BC747A449A6C}.Debug|x64.Build.0 = Debug|Any CPU
		{247DAD59-6336-4203-BCA9-BC747A449A6C}.Debug|x86.ActiveCfg = Debug|Any CPU
		{247DAD59-6336-4203-BCA9-BC747A449A6C}.Debug|x86.Build.0 = Debug|Any CPU
		{247DAD59-6336-4203-BCA9-BC747A449A6C}.Release|Any CPU.ActiveCfg = Release|Any CPU
		{247DAD59-6336-4203-BCA9-BC747A449A6C}.Release|Any CPU.Build.0 = Release|Any CPU
		{247DAD59-6336-4203-BCA9-BC747A449A6C}.Release|x64.ActiveCfg = Release|Any CPU
		{247DAD59-6336-4203-BCA9-BC747A449A6C}.Release|x64.Build.0 = Release|Any CPU
		{247DAD59-6336-4203-BCA9-BC747A449A6C}.Release|x86.ActiveCfg = Release|Any CPU
		{247DAD59-6336-4203-BCA9-BC747A449A6C}.Release|x86.Build.0 = Release|Any CPU
		{DDBB5CE9-F333-4990-A23B-B422D16DE94C}.Debug|Any CPU.ActiveCfg = Debug|Any CPU
		{DDBB5CE9-F333-4990-A23B-B422D16DE94C}.Debug|Any CPU.Build.0 = Debug|Any CPU
		{DDBB5CE9-F333-4990-A23B-B422D16DE94C}.Debug|x64.ActiveCfg = Debug|Any CPU
		{DDBB5CE9-F333-4990-A23B-B422D16DE94C}.Debug|x64.Build.0 = Debug|Any CPU
		{DDBB5CE9-F333-4990-A23B-B422D16DE94C}.Debug|x86.ActiveCfg = Debug|Any CPU
		{DDBB5CE9-F333-4990-A23B-B422D16DE94C}.Debug|x86.Build.0 = Debug|Any CPU
		{DDBB5CE9-F333-4990-A23B-B422D16DE94C}.Release|Any CPU.ActiveCfg = Release|Any CPU
		{DDBB5CE9-F333-4990-A23B-B422D16DE94C}.Release|Any CPU.Build.0 = Release|Any CPU
		{DDBB5CE9-F333-4990-A23B-B422D16DE94C}.Release|x64.ActiveCfg = Release|Any CPU
		{DDBB5CE9-F333-4990-A23B-B422D16DE94C}.Release|x64.Build.0 = Release|Any CPU
		{DDBB5CE9-F333-4990-A23B-B422D16DE94C}.Release|x86.ActiveCfg = Release|Any CPU
		{DDBB5CE9-F333-4990-A23B-B422D16DE94C}.Release|x86.Build.0 = Release|Any CPU
		{0F132A85-228E-4D4D-A0DC-689E14489D73}.Debug|Any CPU.ActiveCfg = Debug|Any CPU
		{0F132A85-228E-4D4D-A0DC-689E14489D73}.Debug|Any CPU.Build.0 = Debug|Any CPU
		{0F132A85-228E-4D4D-A0DC-689E14489D73}.Debug|x64.ActiveCfg = Debug|Any CPU
		{0F132A85-228E-4D4D-A0DC-689E14489D73}.Debug|x64.Build.0 = Debug|Any CPU
		{0F132A85-228E-4D4D-A0DC-689E14489D73}.Debug|x86.ActiveCfg = Debug|Any CPU
		{0F132A85-228E-4D4D-A0DC-689E14489D73}.Debug|x86.Build.0 = Debug|Any CPU
		{0F132A85-228E-4D4D-A0DC-689E14489D73}.Release|Any CPU.ActiveCfg = Release|Any CPU
		{0F132A85-228E-4D4D-A0DC-689E14489D73}.Release|Any CPU.Build.0 = Release|Any CPU
		{0F132A85-228E-4D4D-A0DC-689E14489D73}.Release|x64.ActiveCfg = Release|Any CPU
		{0F132A85-228E-4D4D-A0DC-689E14489D73}.Release|x64.Build.0 = Release|Any CPU
		{0F132A85-228E-4D4D-A0DC-689E14489D73}.Release|x86.ActiveCfg = Release|Any CPU
		{0F132A85-228E-4D4D-A0DC-689E14489D73}.Release|x86.Build.0 = Release|Any CPU
		{02265670-90C0-4707-8E37-3A743377EB20}.Debug|Any CPU.ActiveCfg = Debug|Any CPU
		{02265670-90C0-4707-8E37-3A743377EB20}.Debug|Any CPU.Build.0 = Debug|Any CPU
		{02265670-90C0-4707-8E37-3A743377EB20}.Debug|x64.ActiveCfg = Debug|Any CPU
		{02265670-90C0-4707-8E37-3A743377EB20}.Debug|x64.Build.0 = Debug|Any CPU
		{02265670-90C0-4707-8E37-3A743377EB20}.Debug|x86.ActiveCfg = Debug|Any CPU
		{02265670-90C0-4707-8E37-3A743377EB20}.Debug|x86.Build.0 = Debug|Any CPU
		{02265670-90C0-4707-8E37-3A743377EB20}.Release|Any CPU.ActiveCfg = Release|Any CPU
		{02265670-90C0-4707-8E37-3A743377EB20}.Release|Any CPU.Build.0 = Release|Any CPU
		{02265670-90C0-4707-8E37-3A743377EB20}.Release|x64.ActiveCfg = Release|Any CPU
		{02265670-90C0-4707-8E37-3A743377EB20}.Release|x64.Build.0 = Release|Any CPU
		{02265670-90C0-4707-8E37-3A743377EB20}.Release|x86.ActiveCfg = Release|Any CPU
		{02265670-90C0-4707-8E37-3A743377EB20}.Release|x86.Build.0 = Release|Any CPU
		{DB4209F0-66E3-4E8B-A9F5-8A52BE081DF0}.Debug|Any CPU.ActiveCfg = Debug|Any CPU
		{DB4209F0-66E3-4E8B-A9F5-8A52BE081DF0}.Debug|Any CPU.Build.0 = Debug|Any CPU
		{DB4209F0-66E3-4E8B-A9F5-8A52BE081DF0}.Debug|x64.ActiveCfg = Debug|Any CPU
		{DB4209F0-66E3-4E8B-A9F5-8A52BE081DF0}.Debug|x64.Build.0 = Debug|Any CPU
		{DB4209F0-66E3-4E8B-A9F5-8A52BE081DF0}.Debug|x86.ActiveCfg = Debug|Any CPU
		{DB4209F0-66E3-4E8B-A9F5-8A52BE081DF0}.Debug|x86.Build.0 = Debug|Any CPU
		{DB4209F0-66E3-4E8B-A9F5-8A52BE081DF0}.Release|Any CPU.ActiveCfg = Release|Any CPU
		{DB4209F0-66E3-4E8B-A9F5-8A52BE081DF0}.Release|Any CPU.Build.0 = Release|Any CPU
		{DB4209F0-66E3-4E8B-A9F5-8A52BE081DF0}.Release|x64.ActiveCfg = Release|Any CPU
		{DB4209F0-66E3-4E8B-A9F5-8A52BE081DF0}.Release|x64.Build.0 = Release|Any CPU
		{DB4209F0-66E3-4E8B-A9F5-8A52BE081DF0}.Release|x86.ActiveCfg = Release|Any CPU
		{DB4209F0-66E3-4E8B-A9F5-8A52BE081DF0}.Release|x86.Build.0 = Release|Any CPU
		{392AFF36-140A-4B8C-B473-C095BC729049}.Debug|Any CPU.ActiveCfg = Debug|Any CPU
		{392AFF36-140A-4B8C-B473-C095BC729049}.Debug|Any CPU.Build.0 = Debug|Any CPU
		{392AFF36-140A-4B8C-B473-C095BC729049}.Debug|x64.ActiveCfg = Debug|Any CPU
		{392AFF36-140A-4B8C-B473-C095BC729049}.Debug|x64.Build.0 = Debug|Any CPU
		{392AFF36-140A-4B8C-B473-C095BC729049}.Debug|x86.ActiveCfg = Debug|Any CPU
		{392AFF36-140A-4B8C-B473-C095BC729049}.Debug|x86.Build.0 = Debug|Any CPU
		{392AFF36-140A-4B8C-B473-C095BC729049}.Release|Any CPU.ActiveCfg = Release|Any CPU
		{392AFF36-140A-4B8C-B473-C095BC729049}.Release|Any CPU.Build.0 = Release|Any CPU
		{392AFF36-140A-4B8C-B473-C095BC729049}.Release|x64.ActiveCfg = Release|Any CPU
		{392AFF36-140A-4B8C-B473-C095BC729049}.Release|x64.Build.0 = Release|Any CPU
		{392AFF36-140A-4B8C-B473-C095BC729049}.Release|x86.ActiveCfg = Release|Any CPU
		{392AFF36-140A-4B8C-B473-C095BC729049}.Release|x86.Build.0 = Release|Any CPU
		{F3EE928D-1C71-4D33-9B16-37AFD37A8A3A}.Debug|Any CPU.ActiveCfg = Debug|Any CPU
		{F3EE928D-1C71-4D33-9B16-37AFD37A8A3A}.Debug|Any CPU.Build.0 = Debug|Any CPU
		{F3EE928D-1C71-4D33-9B16-37AFD37A8A3A}.Debug|x64.ActiveCfg = Debug|Any CPU
		{F3EE928D-1C71-4D33-9B16-37AFD37A8A3A}.Debug|x64.Build.0 = Debug|Any CPU
		{F3EE928D-1C71-4D33-9B16-37AFD37A8A3A}.Debug|x86.ActiveCfg = Debug|Any CPU
		{F3EE928D-1C71-4D33-9B16-37AFD37A8A3A}.Debug|x86.Build.0 = Debug|Any CPU
		{F3EE928D-1C71-4D33-9B16-37AFD37A8A3A}.Release|Any CPU.ActiveCfg = Release|Any CPU
		{F3EE928D-1C71-4D33-9B16-37AFD37A8A3A}.Release|Any CPU.Build.0 = Release|Any CPU
		{F3EE928D-1C71-4D33-9B16-37AFD37A8A3A}.Release|x64.ActiveCfg = Release|Any CPU
		{F3EE928D-1C71-4D33-9B16-37AFD37A8A3A}.Release|x64.Build.0 = Release|Any CPU
		{F3EE928D-1C71-4D33-9B16-37AFD37A8A3A}.Release|x86.ActiveCfg = Release|Any CPU
		{F3EE928D-1C71-4D33-9B16-37AFD37A8A3A}.Release|x86.Build.0 = Release|Any CPU
		{A6768431-5BFD-48FB-84DD-0D6865DA6726}.Debug|Any CPU.ActiveCfg = Debug|Any CPU
		{A6768431-5BFD-48FB-84DD-0D6865DA6726}.Debug|Any CPU.Build.0 = Debug|Any CPU
		{A6768431-5BFD-48FB-84DD-0D6865DA6726}.Debug|x64.ActiveCfg = Debug|Any CPU
		{A6768431-5BFD-48FB-84DD-0D6865DA6726}.Debug|x64.Build.0 = Debug|Any CPU
		{A6768431-5BFD-48FB-84DD-0D6865DA6726}.Debug|x86.ActiveCfg = Debug|Any CPU
		{A6768431-5BFD-48FB-84DD-0D6865DA6726}.Debug|x86.Build.0 = Debug|Any CPU
		{A6768431-5BFD-48FB-84DD-0D6865DA6726}.Release|Any CPU.ActiveCfg = Release|Any CPU
		{A6768431-5BFD-48FB-84DD-0D6865DA6726}.Release|Any CPU.Build.0 = Release|Any CPU
		{A6768431-5BFD-48FB-84DD-0D6865DA6726}.Release|x64.ActiveCfg = Release|Any CPU
		{A6768431-5BFD-48FB-84DD-0D6865DA6726}.Release|x64.Build.0 = Release|Any CPU
		{A6768431-5BFD-48FB-84DD-0D6865DA6726}.Release|x86.ActiveCfg = Release|Any CPU
		{A6768431-5BFD-48FB-84DD-0D6865DA6726}.Release|x86.Build.0 = Release|Any CPU
		{63E49A6D-3C6F-4A7B-9635-708B3350BB43}.Debug|Any CPU.ActiveCfg = Debug|Any CPU
		{63E49A6D-3C6F-4A7B-9635-708B3350BB43}.Debug|Any CPU.Build.0 = Debug|Any CPU
		{63E49A6D-3C6F-4A7B-9635-708B3350BB43}.Debug|x64.ActiveCfg = Debug|Any CPU
		{63E49A6D-3C6F-4A7B-9635-708B3350BB43}.Debug|x64.Build.0 = Debug|Any CPU
		{63E49A6D-3C6F-4A7B-9635-708B3350BB43}.Debug|x86.ActiveCfg = Debug|Any CPU
		{63E49A6D-3C6F-4A7B-9635-708B3350BB43}.Debug|x86.Build.0 = Debug|Any CPU
		{63E49A6D-3C6F-4A7B-9635-708B3350BB43}.Release|Any CPU.ActiveCfg = Release|Any CPU
		{63E49A6D-3C6F-4A7B-9635-708B3350BB43}.Release|Any CPU.Build.0 = Release|Any CPU
		{63E49A6D-3C6F-4A7B-9635-708B3350BB43}.Release|x64.ActiveCfg = Release|Any CPU
		{63E49A6D-3C6F-4A7B-9635-708B3350BB43}.Release|x64.Build.0 = Release|Any CPU
		{63E49A6D-3C6F-4A7B-9635-708B3350BB43}.Release|x86.ActiveCfg = Release|Any CPU
		{63E49A6D-3C6F-4A7B-9635-708B3350BB43}.Release|x86.Build.0 = Release|Any CPU
		{F588873C-1C9B-4EFB-BF5F-F0C469D4B91E}.Debug|Any CPU.ActiveCfg = Debug|Any CPU
		{F588873C-1C9B-4EFB-BF5F-F0C469D4B91E}.Debug|Any CPU.Build.0 = Debug|Any CPU
		{F588873C-1C9B-4EFB-BF5F-F0C469D4B91E}.Debug|x64.ActiveCfg = Debug|Any CPU
		{F588873C-1C9B-4EFB-BF5F-F0C469D4B91E}.Debug|x64.Build.0 = Debug|Any CPU
		{F588873C-1C9B-4EFB-BF5F-F0C469D4B91E}.Debug|x86.ActiveCfg = Debug|Any CPU
		{F588873C-1C9B-4EFB-BF5F-F0C469D4B91E}.Debug|x86.Build.0 = Debug|Any CPU
		{F588873C-1C9B-4EFB-BF5F-F0C469D4B91E}.Release|Any CPU.ActiveCfg = Release|Any CPU
		{F588873C-1C9B-4EFB-BF5F-F0C469D4B91E}.Release|Any CPU.Build.0 = Release|Any CPU
		{F588873C-1C9B-4EFB-BF5F-F0C469D4B91E}.Release|x64.ActiveCfg = Release|Any CPU
		{F588873C-1C9B-4EFB-BF5F-F0C469D4B91E}.Release|x64.Build.0 = Release|Any CPU
		{F588873C-1C9B-4EFB-BF5F-F0C469D4B91E}.Release|x86.ActiveCfg = Release|Any CPU
		{F588873C-1C9B-4EFB-BF5F-F0C469D4B91E}.Release|x86.Build.0 = Release|Any CPU
		{7CE168A6-4691-4E80-81DA-6EF92B487F4E}.Debug|Any CPU.ActiveCfg = Debug|Any CPU
		{7CE168A6-4691-4E80-81DA-6EF92B487F4E}.Debug|Any CPU.Build.0 = Debug|Any CPU
		{7CE168A6-4691-4E80-81DA-6EF92B487F4E}.Debug|x64.ActiveCfg = Debug|Any CPU
		{7CE168A6-4691-4E80-81DA-6EF92B487F4E}.Debug|x64.Build.0 = Debug|Any CPU
		{7CE168A6-4691-4E80-81DA-6EF92B487F4E}.Debug|x86.ActiveCfg = Debug|Any CPU
		{7CE168A6-4691-4E80-81DA-6EF92B487F4E}.Debug|x86.Build.0 = Debug|Any CPU
		{7CE168A6-4691-4E80-81DA-6EF92B487F4E}.Release|Any CPU.ActiveCfg = Release|Any CPU
		{7CE168A6-4691-4E80-81DA-6EF92B487F4E}.Release|Any CPU.Build.0 = Release|Any CPU
		{7CE168A6-4691-4E80-81DA-6EF92B487F4E}.Release|x64.ActiveCfg = Release|Any CPU
		{7CE168A6-4691-4E80-81DA-6EF92B487F4E}.Release|x64.Build.0 = Release|Any CPU
		{7CE168A6-4691-4E80-81DA-6EF92B487F4E}.Release|x86.ActiveCfg = Release|Any CPU
		{7CE168A6-4691-4E80-81DA-6EF92B487F4E}.Release|x86.Build.0 = Release|Any CPU
		{F92C4F81-A9F0-41B4-AEA5-B5AC0510557A}.Debug|Any CPU.ActiveCfg = Debug|Any CPU
		{F92C4F81-A9F0-41B4-AEA5-B5AC0510557A}.Debug|Any CPU.Build.0 = Debug|Any CPU
		{F92C4F81-A9F0-41B4-AEA5-B5AC0510557A}.Debug|x64.ActiveCfg = Debug|Any CPU
		{F92C4F81-A9F0-41B4-AEA5-B5AC0510557A}.Debug|x64.Build.0 = Debug|Any CPU
		{F92C4F81-A9F0-41B4-AEA5-B5AC0510557A}.Debug|x86.ActiveCfg = Debug|Any CPU
		{F92C4F81-A9F0-41B4-AEA5-B5AC0510557A}.Debug|x86.Build.0 = Debug|Any CPU
		{F92C4F81-A9F0-41B4-AEA5-B5AC0510557A}.Release|Any CPU.ActiveCfg = Release|Any CPU
		{F92C4F81-A9F0-41B4-AEA5-B5AC0510557A}.Release|Any CPU.Build.0 = Release|Any CPU
		{F92C4F81-A9F0-41B4-AEA5-B5AC0510557A}.Release|x64.ActiveCfg = Release|Any CPU
		{F92C4F81-A9F0-41B4-AEA5-B5AC0510557A}.Release|x64.Build.0 = Release|Any CPU
		{F92C4F81-A9F0-41B4-AEA5-B5AC0510557A}.Release|x86.ActiveCfg = Release|Any CPU
		{F92C4F81-A9F0-41B4-AEA5-B5AC0510557A}.Release|x86.Build.0 = Release|Any CPU
		{6C772644-B256-44AF-B1EE-76340DB2D1F8}.Debug|Any CPU.ActiveCfg = Debug|Any CPU
		{6C772644-B256-44AF-B1EE-76340DB2D1F8}.Debug|Any CPU.Build.0 = Debug|Any CPU
		{6C772644-B256-44AF-B1EE-76340DB2D1F8}.Debug|x64.ActiveCfg = Debug|Any CPU
		{6C772644-B256-44AF-B1EE-76340DB2D1F8}.Debug|x64.Build.0 = Debug|Any CPU
		{6C772644-B256-44AF-B1EE-76340DB2D1F8}.Debug|x86.ActiveCfg = Debug|Any CPU
		{6C772644-B256-44AF-B1EE-76340DB2D1F8}.Debug|x86.Build.0 = Debug|Any CPU
		{6C772644-B256-44AF-B1EE-76340DB2D1F8}.Release|Any CPU.ActiveCfg = Release|Any CPU
		{6C772644-B256-44AF-B1EE-76340DB2D1F8}.Release|Any CPU.Build.0 = Release|Any CPU
		{6C772644-B256-44AF-B1EE-76340DB2D1F8}.Release|x64.ActiveCfg = Release|Any CPU
		{6C772644-B256-44AF-B1EE-76340DB2D1F8}.Release|x64.Build.0 = Release|Any CPU
		{6C772644-B256-44AF-B1EE-76340DB2D1F8}.Release|x86.ActiveCfg = Release|Any CPU
		{6C772644-B256-44AF-B1EE-76340DB2D1F8}.Release|x86.Build.0 = Release|Any CPU
	EndGlobalSection
	GlobalSection(SolutionProperties) = preSolution
		HideSolutionNode = FALSE
	EndGlobalSection
	GlobalSection(NestedProjects) = preSolution
		{FAC8BFA0-4A67-4212-B886-FC64B8EF95FF} = {827E0CD3-B72D-47B6-A68D-7590B98EB39B}
		{BB8AB1BF-3758-4A40-9C22-F11B1D12DB0F} = {827E0CD3-B72D-47B6-A68D-7590B98EB39B}
		{247DAD59-6336-4203-BCA9-BC747A449A6C} = {827E0CD3-B72D-47B6-A68D-7590B98EB39B}
		{DDBB5CE9-F333-4990-A23B-B422D16DE94C} = {827E0CD3-B72D-47B6-A68D-7590B98EB39B}
		{0F132A85-228E-4D4D-A0DC-689E14489D73} = {827E0CD3-B72D-47B6-A68D-7590B98EB39B}
		{02265670-90C0-4707-8E37-3A743377EB20} = {827E0CD3-B72D-47B6-A68D-7590B98EB39B}
		{DB4209F0-66E3-4E8B-A9F5-8A52BE081DF0} = {827E0CD3-B72D-47B6-A68D-7590B98EB39B}
		{392AFF36-140A-4B8C-B473-C095BC729049} = {827E0CD3-B72D-47B6-A68D-7590B98EB39B}
		{F3EE928D-1C71-4D33-9B16-37AFD37A8A3A} = {827E0CD3-B72D-47B6-A68D-7590B98EB39B}
		{A6768431-5BFD-48FB-84DD-0D6865DA6726} = {827E0CD3-B72D-47B6-A68D-7590B98EB39B}
		{63E49A6D-3C6F-4A7B-9635-708B3350BB43} = {827E0CD3-B72D-47B6-A68D-7590B98EB39B}
		{F588873C-1C9B-4EFB-BF5F-F0C469D4B91E} = {827E0CD3-B72D-47B6-A68D-7590B98EB39B}
		{7CE168A6-4691-4E80-81DA-6EF92B487F4E} = {827E0CD3-B72D-47B6-A68D-7590B98EB39B}
		{F92C4F81-A9F0-41B4-AEA5-B5AC0510557A} = {827E0CD3-B72D-47B6-A68D-7590B98EB39B}
		{6C772644-B256-44AF-B1EE-76340DB2D1F8} = {827E0CD3-B72D-47B6-A68D-7590B98EB39B}
	EndGlobalSection
EndGlobal
